// !$*UTF8*$!
{
	archiveVersion = 1;
	classes = {
	};
	objectVersion = 46;
	objects = {

/* Begin PBXBuildFile section */
		D4086C601B90FBAD00836704 /* AppDelegate.m in Sources */ = {isa = PBXBuildFile; fileRef = D4086C5F1B90FBAD00836704 /* AppDelegate.m */; };
		D4086C621B90FBAD00836704 /* main.m in Sources */ = {isa = PBXBuildFile; fileRef = D4086C611B90FBAD00836704 /* main.m */; };
		D4086C641B90FBAD00836704 /* Images.xcassets in Resources */ = {isa = PBXBuildFile; fileRef = D4086C631B90FBAD00836704 /* Images.xcassets */; };
		D4086C671B90FBAD00836704 /* MainMenu.xib in Resources */ = {isa = PBXBuildFile; fileRef = D4086C651B90FBAD00836704 /* MainMenu.xib */; };
		D4086C731B90FBAD00836704 /* WhiplashEPLTests.m in Sources */ = {isa = PBXBuildFile; fileRef = D4086C721B90FBAD00836704 /* WhiplashEPLTests.m */; };
/* End PBXBuildFile section */

/* Begin PBXContainerItemProxy section */
		D4086C6D1B90FBAD00836704 /* PBXContainerItemProxy */ = {
			isa = PBXContainerItemProxy;
			containerPortal = D4086C511B90FBAD00836704 /* Project object */;
			proxyType = 1;
			remoteGlobalIDString = D4086C581B90FBAD00836704;
			remoteInfo = WhiplashEPL;
		};
/* End PBXContainerItemProxy section */

/* Begin PBXFileReference section */
		D4086C591B90FBAD00836704 /* WhiplashEPL.app */ = {isa = PBXFileReference; explicitFileType = wrapper.application; includeInIndex = 0; path = WhiplashEPL.app; sourceTree = BUILT_PRODUCTS_DIR; };
		D4086C5D1B90FBAD00836704 /* Info.plist */ = {isa = PBXFileReference; lastKnownFileType = text.plist.xml; path = Info.plist; sourceTree = "<group>"; };
		D4086C5E1B90FBAD00836704 /* AppDelegate.h */ = {isa = PBXFileReference; lastKnownFileType = sourcecode.c.h; path = AppDelegate.h; sourceTree = "<group>"; };
		D4086C5F1B90FBAD00836704 /* AppDelegate.m */ = {isa = PBXFileReference; lastKnownFileType = sourcecode.c.objc; path = AppDelegate.m; sourceTree = "<group>"; };
		D4086C611B90FBAD00836704 /* main.m */ = {isa = PBXFileReference; lastKnownFileType = sourcecode.c.objc; path = main.m; sourceTree = "<group>"; };
		D4086C631B90FBAD00836704 /* Images.xcassets */ = {isa = PBXFileReference; lastKnownFileType = folder.assetcatalog; path = Images.xcassets; sourceTree = "<group>"; };
		D4086C6C1B90FBAD00836704 /* WhiplashEPLTests.xctest */ = {isa = PBXFileReference; explicitFileType = wrapper.cfbundle; includeInIndex = 0; path = WhiplashEPLTests.xctest; sourceTree = BUILT_PRODUCTS_DIR; };
		D4086C711B90FBAD00836704 /* Info.plist */ = {isa = PBXFileReference; lastKnownFileType = text.plist.xml; path = Info.plist; sourceTree = "<group>"; };
		D4086C721B90FBAD00836704 /* WhiplashEPLTests.m */ = {isa = PBXFileReference; lastKnownFileType = sourcecode.c.objc; path = WhiplashEPLTests.m; sourceTree = "<group>"; };
		D4086C811B9105B700836704 /* en */ = {isa = PBXFileReference; lastKnownFileType = file.xib; name = en; path = en.lproj/MainMenu.xib; sourceTree = "<group>"; };
/* End PBXFileReference section */

/* Begin PBXFrameworksBuildPhase section */
		D4086C561B90FBAD00836704 /* Frameworks */ = {
			isa = PBXFrameworksBuildPhase;
			buildActionMask = 2147483647;
			files = (
			);
			runOnlyForDeploymentPostprocessing = 0;
		};
		D4086C691B90FBAD00836704 /* Frameworks */ = {
			isa = PBXFrameworksBuildPhase;
			buildActionMask = 2147483647;
			files = (
			);
			runOnlyForDeploymentPostprocessing = 0;
		};
/* End PBXFrameworksBuildPhase section */

/* Begin PBXGroup section */
		D4086C501B90FBAD00836704 = {
			isa = PBXGroup;
			children = (
				D4086C5B1B90FBAD00836704 /* WhiplashEPL */,
				D4086C6F1B90FBAD00836704 /* WhiplashEPLTests */,
				D4086C5A1B90FBAD00836704 /* Products */,
			);
			sourceTree = "<group>";
		};
		D4086C5A1B90FBAD00836704 /* Products */ = {
			isa = PBXGroup;
			children = (
				D4086C591B90FBAD00836704 /* WhiplashEPL.app */,
				D4086C6C1B90FBAD00836704 /* WhiplashEPLTests.xctest */,
			);
			name = Products;
			sourceTree = "<group>";
		};
		D4086C5B1B90FBAD00836704 /* WhiplashEPL */ = {
			isa = PBXGroup;
			children = (
				D4086C5E1B90FBAD00836704 /* AppDelegate.h */,
				D4086C5F1B90FBAD00836704 /* AppDelegate.m */,
				D4086C631B90FBAD00836704 /* Images.xcassets */,
				D4086C651B90FBAD00836704 /* MainMenu.xib */,
				D4086C5C1B90FBAD00836704 /* Supporting Files */,
			);
			path = WhiplashEPL;
			sourceTree = "<group>";
		};
		D4086C5C1B90FBAD00836704 /* Supporting Files */ = {
			isa = PBXGroup;
			children = (
				D4086C5D1B90FBAD00836704 /* Info.plist */,
				D4086C611B90FBAD00836704 /* main.m */,
			);
			name = "Supporting Files";
			sourceTree = "<group>";
		};
		D4086C6F1B90FBAD00836704 /* WhiplashEPLTests */ = {
			isa = PBXGroup;
			children = (
				D4086C721B90FBAD00836704 /* WhiplashEPLTests.m */,
				D4086C701B90FBAD00836704 /* Supporting Files */,
			);
			path = WhiplashEPLTests;
			sourceTree = "<group>";
		};
		D4086C701B90FBAD00836704 /* Supporting Files */ = {
			isa = PBXGroup;
			children = (
				D4086C711B90FBAD00836704 /* Info.plist */,
			);
			name = "Supporting Files";
			sourceTree = "<group>";
		};
/* End PBXGroup section */

/* Begin PBXNativeTarget section */
		D4086C581B90FBAD00836704 /* WhiplashEPL */ = {
			isa = PBXNativeTarget;
			buildConfigurationList = D4086C761B90FBAD00836704 /* Build configuration list for PBXNativeTarget "WhiplashEPL" */;
			buildPhases = (
				D4086C551B90FBAD00836704 /* Sources */,
				D4086C561B90FBAD00836704 /* Frameworks */,
				D4086C571B90FBAD00836704 /* Resources */,
			);
			buildRules = (
			);
			dependencies = (
			);
			name = WhiplashEPL;
			productName = WhiplashEPL;
			productReference = D4086C591B90FBAD00836704 /* WhiplashEPL.app */;
			productType = "com.apple.product-type.application";
		};
		D4086C6B1B90FBAD00836704 /* WhiplashEPLTests */ = {
			isa = PBXNativeTarget;
			buildConfigurationList = D4086C791B90FBAD00836704 /* Build configuration list for PBXNativeTarget "WhiplashEPLTests" */;
			buildPhases = (
				D4086C681B90FBAD00836704 /* Sources */,
				D4086C691B90FBAD00836704 /* Frameworks */,
				D4086C6A1B90FBAD00836704 /* Resources */,
			);
			buildRules = (
			);
			dependencies = (
				D4086C6E1B90FBAD00836704 /* PBXTargetDependency */,
			);
			name = WhiplashEPLTests;
			productName = WhiplashEPLTests;
			productReference = D4086C6C1B90FBAD00836704 /* WhiplashEPLTests.xctest */;
			productType = "com.apple.product-type.bundle.unit-test";
		};
/* End PBXNativeTarget section */

/* Begin PBXProject section */
		D4086C511B90FBAD00836704 /* Project object */ = {
			isa = PBXProject;
			attributes = {
				LastUpgradeCheck = 0640;
				ORGANIZATIONNAME = Whiplash;
				TargetAttributes = {
					D4086C581B90FBAD00836704 = {
						CreatedOnToolsVersion = 6.4;
					};
					D4086C6B1B90FBAD00836704 = {
						CreatedOnToolsVersion = 6.4;
						TestTargetID = D4086C581B90FBAD00836704;
					};
				};
			};
			buildConfigurationList = D4086C541B90FBAD00836704 /* Build configuration list for PBXProject "WhiplashEPL" */;
			compatibilityVersion = "Xcode 3.2";
			developmentRegion = English;
			hasScannedForEncodings = 0;
			knownRegions = (
				en,
			);
			mainGroup = D4086C501B90FBAD00836704;
			productRefGroup = D4086C5A1B90FBAD00836704 /* Products */;
			projectDirPath = "";
			projectRoot = "";
			targets = (
				D4086C581B90FBAD00836704 /* WhiplashEPL */,
				D4086C6B1B90FBAD00836704 /* WhiplashEPLTests */,
			);
		};
/* End PBXProject section */

/* Begin PBXResourcesBuildPhase section */
		D4086C571B90FBAD00836704 /* Resources */ = {
			isa = PBXResourcesBuildPhase;
			buildActionMask = 2147483647;
			files = (
				D4086C641B90FBAD00836704 /* Images.xcassets in Resources */,
				D4086C671B90FBAD00836704 /* MainMenu.xib in Resources */,
			);
			runOnlyForDeploymentPostprocessing = 0;
		};
		D4086C6A1B90FBAD00836704 /* Resources */ = {
			isa = PBXResourcesBuildPhase;
			buildActionMask = 2147483647;
			files = (
			);
			runOnlyForDeploymentPostprocessing = 0;
		};
/* End PBXResourcesBuildPhase section */

/* Begin PBXSourcesBuildPhase section */
		D4086C551B90FBAD00836704 /* Sources */ = {
			isa = PBXSourcesBuildPhase;
			buildActionMask = 2147483647;
			files = (
				D4086C621B90FBAD00836704 /* main.m in Sources */,
				D4086C601B90FBAD00836704 /* AppDelegate.m in Sources */,
			);
			runOnlyForDeploymentPostprocessing = 0;
		};
		D4086C681B90FBAD00836704 /* Sources */ = {
			isa = PBXSourcesBuildPhase;
			buildActionMask = 2147483647;
			files = (
				D4086C731B90FBAD00836704 /* WhiplashEPLTests.m in Sources */,
			);
			runOnlyForDeploymentPostprocessing = 0;
		};
/* End PBXSourcesBuildPhase section */

/* Begin PBXTargetDependency section */
		D4086C6E1B90FBAD00836704 /* PBXTargetDependency */ = {
			isa = PBXTargetDependency;
			target = D4086C581B90FBAD00836704 /* WhiplashEPL */;
			targetProxy = D4086C6D1B90FBAD00836704 /* PBXContainerItemProxy */;
		};
/* End PBXTargetDependency section */

/* Begin PBXVariantGroup section */
		D4086C651B90FBAD00836704 /* MainMenu.xib */ = {
			isa = PBXVariantGroup;
			children = (
				D4086C811B9105B700836704 /* en */,
			);
			name = MainMenu.xib;
			sourceTree = "<group>";
		};
/* End PBXVariantGroup section */

/* Begin XCBuildConfiguration section */
		D4086C741B90FBAD00836704 /* Debug */ = {
			isa = XCBuildConfiguration;
			buildSettings = {
				ALWAYS_SEARCH_USER_PATHS = NO;
				CLANG_CXX_LANGUAGE_STANDARD = "gnu++0x";
				CLANG_CXX_LIBRARY = "libc++";
				CLANG_ENABLE_MODULES = YES;
				CLANG_ENABLE_OBJC_ARC = YES;
				CLANG_WARN_BOOL_CONVERSION = YES;
				CLANG_WARN_CONSTANT_CONVERSION = YES;
				CLANG_WARN_DIRECT_OBJC_ISA_USAGE = YES_ERROR;
				CLANG_WARN_EMPTY_BODY = YES;
				CLANG_WARN_ENUM_CONVERSION = YES;
				CLANG_WARN_INT_CONVERSION = YES;
				CLANG_WARN_OBJC_ROOT_CLASS = YES_ERROR;
				CLANG_WARN_UNREACHABLE_CODE = YES;
				CLANG_WARN__DUPLICATE_METHOD_MATCH = YES;
				CODE_SIGN_IDENTITY = "-";
				COPY_PHASE_STRIP = NO;
				DEBUG_INFORMATION_FORMAT = dwarf;
				ENABLE_STRICT_OBJC_MSGSEND = YES;
				GCC_C_LANGUAGE_STANDARD = gnu99;
				GCC_DYNAMIC_NO_PIC = NO;
				GCC_NO_COMMON_BLOCKS = YES;
				GCC_OPTIMIZATION_LEVEL = 0;
				GCC_PREPROCESSOR_DEFINITIONS = (
					"DEBUG=1",
					"$(inherited)",
				);
				GCC_SYMBOLS_PRIVATE_EXTERN = NO;
				GCC_WARN_64_TO_32_BIT_CONVERSION = YES;
				GCC_WARN_ABOUT_RETURN_TYPE = YES_ERROR;
				GCC_WARN_UNDECLARED_SELECTOR = YES;
				GCC_WARN_UNINITIALIZED_AUTOS = YES_AGGRESSIVE;
				GCC_WARN_UNUSED_FUNCTION = YES;
				GCC_WARN_UNUSED_VARIABLE = YES;
				MACOSX_DEPLOYMENT_TARGET = 10.6;
				MTL_ENABLE_DEBUG_INFO = YES;
				ONLY_ACTIVE_ARCH = YES;
				SDKROOT = macosx;
			};
			name = Debug;
		};
		D4086C751B90FBAD00836704 /* Release */ = {
			isa = XCBuildConfiguration;
			buildSettings = {
				ALWAYS_SEARCH_USER_PATHS = NO;
				CLANG_CXX_LANGUAGE_STANDARD = "gnu++0x";
				CLANG_CXX_LIBRARY = "libc++";
				CLANG_ENABLE_MODULES = YES;
				CLANG_ENABLE_OBJC_ARC = YES;
				CLANG_WARN_BOOL_CONVERSION = YES;
				CLANG_WARN_CONSTANT_CONVERSION = YES;
				CLANG_WARN_DIRECT_OBJC_ISA_USAGE = YES_ERROR;
				CLANG_WARN_EMPTY_BODY = YES;
				CLANG_WARN_ENUM_CONVERSION = YES;
				CLANG_WARN_INT_CONVERSION = YES;
				CLANG_WARN_OBJC_ROOT_CLASS = YES_ERROR;
				CLANG_WARN_UNREACHABLE_CODE = YES;
				CLANG_WARN__DUPLICATE_METHOD_MATCH = YES;
				CODE_SIGN_IDENTITY = "-";
				COPY_PHASE_STRIP = NO;
				DEBUG_INFORMATION_FORMAT = "dwarf-with-dsym";
				ENABLE_NS_ASSERTIONS = NO;
				ENABLE_STRICT_OBJC_MSGSEND = YES;
				GCC_C_LANGUAGE_STANDARD = gnu99;
				GCC_NO_COMMON_BLOCKS = YES;
				GCC_WARN_64_TO_32_BIT_CONVERSION = YES;
				GCC_WARN_ABOUT_RETURN_TYPE = YES_ERROR;
				GCC_WARN_UNDECLARED_SELECTOR = YES;
				GCC_WARN_UNINITIALIZED_AUTOS = YES_AGGRESSIVE;
				GCC_WARN_UNUSED_FUNCTION = YES;
				GCC_WARN_UNUSED_VARIABLE = YES;
				MACOSX_DEPLOYMENT_TARGET = 10.6;
				MTL_ENABLE_DEBUG_INFO = NO;
				SDKROOT = macosx;
			};
			name = Release;
		};
		D4086C771B90FBAD00836704 /* Debug */ = {
			isa = XCBuildConfiguration;
			buildSettings = {
				ASSETCATALOG_COMPILER_APPICON_NAME = AppIcon;
				COMBINE_HIDPI_IMAGES = YES;
				INFOPLIST_FILE = WhiplashEPL/Info.plist;
				LD_RUNPATH_SEARCH_PATHS = "$(inherited) @executable_path/../Frameworks";
				MACOSX_DEPLOYMENT_TARGET = 10.6;
				PRODUCT_NAME = "$(TARGET_NAME)";
			};
			name = Debug;
		};
		D4086C781B90FBAD00836704 /* Release */ = {
			isa = XCBuildConfiguration;
			buildSettings = {
				ASSETCATALOG_COMPILER_APPICON_NAME = AppIcon;
				COMBINE_HIDPI_IMAGES = YES;
				INFOPLIST_FILE = WhiplashEPL/Info.plist;
				LD_RUNPATH_SEARCH_PATHS = "$(inherited) @executable_path/../Frameworks";
				MACOSX_DEPLOYMENT_TARGET = 10.6;
				PRODUCT_NAME = "$(TARGET_NAME)";
			};
			name = Release;
		};
		D4086C7A1B90FBAD00836704 /* Debug */ = {
			isa = XCBuildConfiguration;
			buildSettings = {
				BUNDLE_LOADER = "$(TEST_HOST)";
				COMBINE_HIDPI_IMAGES = YES;
				FRAMEWORK_SEARCH_PATHS = (
					"$(DEVELOPER_FRAMEWORKS_DIR)",
					"$(inherited)",
				);
				GCC_PREPROCESSOR_DEFINITIONS = (
					"DEBUG=1",
					"$(inherited)",
				);
				INFOPLIST_FILE = WhiplashEPLTests/Info.plist;
				LD_RUNPATH_SEARCH_PATHS = "$(inherited) @executable_path/../Frameworks @loader_path/../Frameworks";
				PRODUCT_NAME = "$(TARGET_NAME)";
				TEST_HOST = "$(BUILT_PRODUCTS_DIR)/WhiplashEPL.app/Contents/MacOS/WhiplashEPL";
			};
			name = Debug;
		};
		D4086C7B1B90FBAD00836704 /* Release */ = {
			isa = XCBuildConfiguration;
			buildSettings = {
				BUNDLE_LOADER = "$(TEST_HOST)";
				COMBINE_HIDPI_IMAGES = YES;
				FRAMEWORK_SEARCH_PATHS = (
					"$(DEVELOPER_FRAMEWORKS_DIR)",
					"$(inherited)",
				);
				INFOPLIST_FILE = WhiplashEPLTests/Info.plist;
				LD_RUNPATH_SEARCH_PATHS = "$(inherited) @executable_path/../Frameworks @loader_path/../Frameworks";
				PRODUCT_NAME = "$(TARGET_NAME)";
				TEST_HOST = "$(BUILT_PRODUCTS_DIR)/WhiplashEPL.app/Contents/MacOS/WhiplashEPL";
			};
			name = Release;
		};
/* End XCBuildConfiguration section */

/* Begin XCConfigurationList section */
		D4086C541B90FBAD00836704 /* Build configuration list for PBXProject "WhiplashEPL" */ = {
			isa = XCConfigurationList;
			buildConfigurations = (
				D4086C741B90FBAD00836704 /* Debug */,
				D4086C751B90FBAD00836704 /* Release */,
			);
			defaultConfigurationIsVisible = 0;
			defaultConfigurationName = Release;
		};
		D4086C761B90FBAD00836704 /* Build configuration list for PBXNativeTarget "WhiplashEPL" */ = {
			isa = XCConfigurationList;
			buildConfigurations = (
				D4086C771B90FBAD00836704 /* Debug */,
				D4086C781B90FBAD00836704 /* Release */,
			);
			defaultConfigurationIsVisible = 0;
			defaultConfigurationName = Release;
		};
		D4086C791B90FBAD00836704 /* Build configuration list for PBXNativeTarget "WhiplashEPLTests" */ = {
			isa = XCConfigurationList;
			buildConfigurations = (
				D4086C7A1B90FBAD00836704 /* Debug */,
				D4086C7B1B90FBAD00836704 /* Release */,
			);
			defaultConfigurationIsVisible = 0;
			defaultConfigurationName = Release;
		};
/* End XCConfigurationList section */
	};
	rootObject = D4086C511B90FBAD00836704 /* Project object */;
}
